{
  "version": 4,
  "terraform_version": "1.3.9",
  "serial": 180,
  "lineage": "7512d228-d0d6-1d57-d8a5-cf77e4659024",
  "outputs": {},
  "resources": [
    {
      "mode": "data",
      "type": "aws_subnet",
      "name": "default_subnet_aza",
      "provider": "provider[\"registry.terraform.io/hashicorp/aws\"]",
      "instances": [
        {
          "schema_version": 0,
          "attributes": {
            "arn": "arn:aws:ec2:eu-west-3:325544361878:subnet/subnet-c25cb3aa",
            "assign_ipv6_address_on_creation": false,
            "availability_zone": "eu-west-3a",
            "availability_zone_id": "euw3-az1",
            "available_ip_address_count": 4090,
            "cidr_block": "172.31.0.0/20",
            "customer_owned_ipv4_pool": "",
            "default_for_az": true,
            "enable_dns64": false,
            "enable_resource_name_dns_a_record_on_launch": false,
            "enable_resource_name_dns_aaaa_record_on_launch": false,
            "filter": null,
            "id": "subnet-c25cb3aa",
            "ipv6_cidr_block": "",
            "ipv6_cidr_block_association_id": "",
            "ipv6_native": false,
            "map_customer_owned_ip_on_launch": false,
            "map_public_ip_on_launch": true,
            "outpost_arn": "",
            "owner_id": "325544361878",
            "private_dns_hostname_type_on_launch": "ip-name",
            "state": "available",
            "tags": {},
            "timeouts": null,
            "vpc_id": "vpc-a215d5ca"
          },
          "sensitive_attributes": []
        }
      ]
    },
    {
      "mode": "data",
      "type": "aws_subnet",
      "name": "default_subnet_azb",
      "provider": "provider[\"registry.terraform.io/hashicorp/aws\"]",
      "instances": [
        {
          "schema_version": 0,
          "attributes": {
            "arn": "arn:aws:ec2:eu-west-3:325544361878:subnet/subnet-155b5a6e",
            "assign_ipv6_address_on_creation": false,
            "availability_zone": "eu-west-3b",
            "availability_zone_id": "euw3-az2",
            "available_ip_address_count": 4091,
            "cidr_block": "172.31.16.0/20",
            "customer_owned_ipv4_pool": "",
            "default_for_az": true,
            "enable_dns64": false,
            "enable_resource_name_dns_a_record_on_launch": false,
            "enable_resource_name_dns_aaaa_record_on_launch": false,
            "filter": null,
            "id": "subnet-155b5a6e",
            "ipv6_cidr_block": "",
            "ipv6_cidr_block_association_id": "",
            "ipv6_native": false,
            "map_customer_owned_ip_on_launch": false,
            "map_public_ip_on_launch": true,
            "outpost_arn": "",
            "owner_id": "325544361878",
            "private_dns_hostname_type_on_launch": "ip-name",
            "state": "available",
            "tags": {},
            "timeouts": null,
            "vpc_id": "vpc-a215d5ca"
          },
          "sensitive_attributes": []
        }
      ]
    },
    {
      "mode": "data",
      "type": "aws_subnet",
      "name": "default_subnet_azc",
      "provider": "provider[\"registry.terraform.io/hashicorp/aws\"]",
      "instances": [
        {
          "schema_version": 0,
          "attributes": {
            "arn": "arn:aws:ec2:eu-west-3:325544361878:subnet/subnet-bfeba0f2",
            "assign_ipv6_address_on_creation": false,
            "availability_zone": "eu-west-3c",
            "availability_zone_id": "euw3-az3",
            "available_ip_address_count": 4089,
            "cidr_block": "172.31.32.0/20",
            "customer_owned_ipv4_pool": "",
            "default_for_az": true,
            "enable_dns64": false,
            "enable_resource_name_dns_a_record_on_launch": false,
            "enable_resource_name_dns_aaaa_record_on_launch": false,
            "filter": null,
            "id": "subnet-bfeba0f2",
            "ipv6_cidr_block": "",
            "ipv6_cidr_block_association_id": "",
            "ipv6_native": false,
            "map_customer_owned_ip_on_launch": false,
            "map_public_ip_on_launch": true,
            "outpost_arn": "",
            "owner_id": "325544361878",
            "private_dns_hostname_type_on_launch": "ip-name",
            "state": "available",
            "tags": {},
            "timeouts": null,
            "vpc_id": "vpc-a215d5ca"
          },
          "sensitive_attributes": []
        }
      ]
    },
    {
      "mode": "data",
      "type": "aws_vpc",
      "name": "default_vpc",
      "provider": "provider[\"registry.terraform.io/hashicorp/aws\"]",
      "instances": [
        {
          "schema_version": 0,
          "attributes": {
            "arn": "arn:aws:ec2:eu-west-3:325544361878:vpc/vpc-a215d5ca",
            "cidr_block": "172.31.0.0/16",
            "cidr_block_associations": [
              {
                "association_id": "vpc-cidr-assoc-5972d831",
                "cidr_block": "172.31.0.0/16",
                "state": "associated"
              }
            ],
            "default": true,
            "dhcp_options_id": "dopt-6b5b9203",
            "enable_dns_hostnames": true,
            "enable_dns_support": true,
            "enable_network_address_usage_metrics": false,
            "filter": null,
            "id": "vpc-a215d5ca",
            "instance_tenancy": "default",
            "ipv6_association_id": "",
            "ipv6_cidr_block": "",
            "main_route_table_id": "rtb-689e4e00",
            "owner_id": "325544361878",
            "state": null,
            "tags": {
              "Name": "DefaultVPC"
            },
            "timeouts": null
          },
          "sensitive_attributes": []
        }
      ]
    },
    {
      "mode": "managed",
      "type": "aws_db_instance",
      "name": "sas_rds_backend",
      "provider": "provider[\"registry.terraform.io/hashicorp/aws\"]",
      "instances": [
        {
          "schema_version": 1,
          "attributes": {
            "address": "simplyaccountingservices-database.cyl2ga7dnsyx.eu-west-3.rds.amazonaws.com",
            "allocated_storage": 20,
            "allow_major_version_upgrade": null,
            "apply_immediately": false,
            "arn": "arn:aws:rds:eu-west-3:325544361878:db:simplyaccountingservices-database",
            "auto_minor_version_upgrade": true,
            "availability_zone": "eu-west-3a",
            "backup_retention_period": 30,
            "backup_window": "12:33-13:03",
            "blue_green_update": [],
            "ca_cert_identifier": "rds-ca-2019",
            "character_set_name": "",
            "copy_tags_to_snapshot": false,
            "custom_iam_instance_profile": "",
            "customer_owned_ip_enabled": false,
            "db_name": "simplyaccountingservices_db",
            "db_subnet_group_name": "default",
            "delete_automated_backups": true,
            "deletion_protection": false,
            "domain": "",
            "domain_iam_role_name": "",
            "enabled_cloudwatch_logs_exports": [],
            "endpoint": "simplyaccountingservices-database.cyl2ga7dnsyx.eu-west-3.rds.amazonaws.com:3306",
            "engine": "mariadb",
            "engine_version": "10.6.10",
            "engine_version_actual": "10.6.10",
            "final_snapshot_identifier": null,
            "hosted_zone_id": "ZMESEXB7ZGGQ3",
            "iam_database_authentication_enabled": false,
            "id": "simplyaccountingservices-database",
            "identifier": "simplyaccountingservices-database",
            "identifier_prefix": "",
            "instance_class": "db.t4g.micro",
            "iops": 0,
            "kms_key_id": "",
            "latest_restorable_time": "2023-03-12T03:25:00Z",
            "license_model": "general-public-license",
            "maintenance_window": "sat:04:48-sat:05:18",
            "max_allocated_storage": 25,
            "monitoring_interval": 0,
            "monitoring_role_arn": "",
            "multi_az": false,
            "name": "simplyaccountingservices_db",
            "nchar_character_set_name": "",
            "network_type": "IPV4",
            "option_group_name": "default:mariadb-10-6",
            "parameter_group_name": "default.mariadb10.6",
            "password": "password_sas",
            "performance_insights_enabled": false,
            "performance_insights_kms_key_id": "",
            "performance_insights_retention_period": 0,
            "port": 3306,
            "publicly_accessible": false,
            "replica_mode": "",
            "replicas": [],
            "replicate_source_db": "",
            "resource_id": "db-HEWUZWZWAMUZUNMIM3UT7SKJ3M",
            "restore_to_point_in_time": [],
            "s3_import": [],
            "security_group_names": [],
            "skip_final_snapshot": true,
            "snapshot_identifier": null,
            "status": "available",
            "storage_encrypted": false,
            "storage_throughput": 0,
            "storage_type": "gp2",
            "tags": {},
            "tags_all": {},
            "timeouts": null,
            "timezone": "",
            "username": "admin_sas",
            "vpc_security_group_ids": [
              "sg-b5d2fdd2"
            ]
          },
          "sensitive_attributes": [],
          "private": "eyJlMmJmYjczMC1lY2FhLTExZTYtOGY4OC0zNDM2M2JjN2M0YzAiOnsiY3JlYXRlIjoyNDAwMDAwMDAwMDAwLCJkZWxldGUiOjM2MDAwMDAwMDAwMDAsInVwZGF0ZSI6NDgwMDAwMDAwMDAwMH0sInNjaGVtYV92ZXJzaW9uIjoiMSJ9"
        }
      ]
    },
    {
      "mode": "managed",
      "type": "aws_eip",
      "name": "sas_eip",
      "provider": "provider[\"registry.terraform.io/hashicorp/aws\"]",
      "instances": [
        {
          "schema_version": 0,
          "attributes": {
            "address": null,
            "allocation_id": "eipalloc-0724debde7d390c0d",
            "associate_with_private_ip": null,
            "association_id": "eipassoc-061a6686b202ed0f0",
            "carrier_ip": "",
            "customer_owned_ip": "",
            "customer_owned_ipv4_pool": "",
            "domain": "vpc",
            "id": "eipalloc-0724debde7d390c0d",
            "instance": "i-0c91f6b1c57f6affb",
            "network_border_group": "eu-west-3",
            "network_interface": "eni-0edc006708ea749bc",
            "private_dns": "ip-172-31-44-87.eu-west-3.compute.internal",
            "private_ip": "172.31.44.87",
            "public_dns": "ec2-13-38-142-195.eu-west-3.compute.amazonaws.com",
            "public_ip": "13.38.142.195",
            "public_ipv4_pool": "amazon",
            "tags": {},
            "tags_all": {},
            "timeouts": null,
            "vpc": true
          },
          "sensitive_attributes": [],
          "private": "eyJlMmJmYjczMC1lY2FhLTExZTYtOGY4OC0zNDM2M2JjN2M0YzAiOnsiZGVsZXRlIjoxODAwMDAwMDAwMDAsInJlYWQiOjkwMDAwMDAwMDAwMCwidXBkYXRlIjozMDAwMDAwMDAwMDB9fQ==",
          "dependencies": [
            "aws_instance.sas_ec2_frontend",
            "aws_security_group.sas_security_group_server"
          ]
        }
      ]
    },
    {
      "mode": "managed",
      "type": "aws_instance",
      "name": "sas_ec2_frontend",
      "provider": "provider[\"registry.terraform.io/hashicorp/aws\"]",
      "instances": [
        {
          "schema_version": 1,
          "attributes": {
            "ami": "ami-0ca5ef73451e16dc1",
            "arn": "arn:aws:ec2:eu-west-3:325544361878:instance/i-0c91f6b1c57f6affb",
            "associate_public_ip_address": true,
            "availability_zone": "eu-west-3c",
            "capacity_reservation_specification": [
              {
                "capacity_reservation_preference": "open",
                "capacity_reservation_target": []
              }
            ],
            "cpu_core_count": 1,
            "cpu_threads_per_core": 1,
            "credit_specification": [
              {
                "cpu_credits": "standard"
              }
            ],
            "disable_api_stop": false,
            "disable_api_termination": false,
            "ebs_block_device": [],
            "ebs_optimized": false,
            "enclave_options": [
              {
                "enabled": false
              }
            ],
            "ephemeral_block_device": [],
            "get_password_data": false,
            "hibernation": false,
            "host_id": null,
            "host_resource_group_arn": null,
            "iam_instance_profile": "",
            "id": "i-0c91f6b1c57f6affb",
            "instance_initiated_shutdown_behavior": "stop",
            "instance_state": "running",
            "instance_type": "t2.micro",
            "ipv6_address_count": 0,
            "ipv6_addresses": [],
            "key_name": "simplyaccountingservices",
            "launch_template": [],
            "maintenance_options": [
              {
                "auto_recovery": "default"
              }
            ],
            "metadata_options": [
              {
                "http_endpoint": "enabled",
                "http_put_response_hop_limit": 1,
                "http_tokens": "optional",
                "instance_metadata_tags": "disabled"
              }
            ],
            "monitoring": false,
            "network_interface": [],
            "outpost_arn": "",
            "password_data": "",
            "placement_group": "",
            "placement_partition_number": null,
            "primary_network_interface_id": "eni-0edc006708ea749bc",
            "private_dns": "ip-172-31-44-87.eu-west-3.compute.internal",
            "private_dns_name_options": [
              {
                "enable_resource_name_dns_a_record": false,
                "enable_resource_name_dns_aaaa_record": false,
                "hostname_type": "ip-name"
              }
            ],
            "private_ip": "172.31.44.87",
            "public_dns": "ec2-15-188-49-154.eu-west-3.compute.amazonaws.com",
            "public_ip": "15.188.49.154",
            "root_block_device": [
              {
                "delete_on_termination": true,
                "device_name": "/dev/xvda",
                "encrypted": false,
                "iops": 100,
                "kms_key_id": "",
                "tags": {},
                "throughput": 0,
                "volume_id": "vol-0d8ccb73671521d2c",
                "volume_size": 8,
                "volume_type": "gp2"
              }
            ],
            "secondary_private_ips": [],
            "security_groups": [
              "sas_server_security_group_20230312025806654500000002"
            ],
            "source_dest_check": true,
            "subnet_id": "subnet-bfeba0f2",
            "tags": {
              "APP": "SAS"
            },
            "tags_all": {
              "APP": "SAS"
            },
            "tenancy": "default",
            "timeouts": null,
            "user_data": "a68b5621b208a3fc8b3950682ecc46c54f362da9",
            "user_data_base64": null,
            "user_data_replace_on_change": false,
            "volume_tags": null,
            "vpc_security_group_ids": [
              "sg-08ec3afec989137d2"
            ]
          },
          "sensitive_attributes": [],
          "private": "eyJlMmJmYjczMC1lY2FhLTExZTYtOGY4OC0zNDM2M2JjN2M0YzAiOnsiY3JlYXRlIjo2MDAwMDAwMDAwMDAsImRlbGV0ZSI6MTIwMDAwMDAwMDAwMCwidXBkYXRlIjo2MDAwMDAwMDAwMDB9LCJzY2hlbWFfdmVyc2lvbiI6IjEifQ==",
          "dependencies": [
            "aws_security_group.sas_security_group_server"
          ]
        }
      ]
    },
    {
      "mode": "managed",
      "type": "aws_security_group",
      "name": "sas_security_group_database",
      "provider": "provider[\"registry.terraform.io/hashicorp/aws\"]",
      "instances": [
        {
          "schema_version": 1,
          "attributes": {
            "arn": "arn:aws:ec2:eu-west-3:325544361878:security-group/sg-0fe08eea61ab975ea",
            "description": "Managed by Terraform",
            "egress": [],
            "id": "sg-0fe08eea61ab975ea",
            "ingress": [
              {
                "cidr_blocks": [
                  "172.31.32.0/20"
                ],
                "description": "",
                "from_port": 3306,
                "ipv6_cidr_blocks": [],
                "prefix_list_ids": [],
                "protocol": "tcp",
                "security_groups": [],
                "self": false,
                "to_port": 3306
              }
            ],
            "name": "sas_db_security_group_20230312025806646000000001",
            "name_prefix": "sas_db_security_group_",
            "owner_id": "325544361878",
            "revoke_rules_on_delete": false,
            "tags": {},
            "tags_all": {},
            "timeouts": null,
            "vpc_id": "vpc-a215d5ca"
          },
          "sensitive_attributes": [],
          "private": "eyJlMmJmYjczMC1lY2FhLTExZTYtOGY4OC0zNDM2M2JjN2M0YzAiOnsiY3JlYXRlIjo2MDAwMDAwMDAwMDAsImRlbGV0ZSI6OTAwMDAwMDAwMDAwfSwic2NoZW1hX3ZlcnNpb24iOiIxIn0=",
          "dependencies": [
            "data.aws_vpc.default_vpc"
          ]
        }
      ]
    },
    {
      "mode": "managed",
      "type": "aws_security_group",
      "name": "sas_security_group_server",
      "provider": "provider[\"registry.terraform.io/hashicorp/aws\"]",
      "instances": [
        {
          "schema_version": 1,
          "attributes": {
            "arn": "arn:aws:ec2:eu-west-3:325544361878:security-group/sg-08ec3afec989137d2",
            "description": "Managed by Terraform",
            "egress": [
              {
                "cidr_blocks": [
                  "0.0.0.0/0"
                ],
                "description": "",
                "from_port": 0,
                "ipv6_cidr_blocks": [],
                "prefix_list_ids": [],
                "protocol": "-1",
                "security_groups": [],
                "self": false,
                "to_port": 0
              }
            ],
            "id": "sg-08ec3afec989137d2",
            "ingress": [
              {
                "cidr_blocks": [
                  "0.0.0.0/0"
                ],
                "description": "",
                "from_port": 22,
                "ipv6_cidr_blocks": [],
                "prefix_list_ids": [],
                "protocol": "tcp",
                "security_groups": [],
                "self": false,
                "to_port": 22
              },
              {
                "cidr_blocks": [
                  "0.0.0.0/0"
                ],
                "description": "",
                "from_port": 443,
                "ipv6_cidr_blocks": [],
                "prefix_list_ids": [],
                "protocol": "tcp",
                "security_groups": [],
                "self": false,
                "to_port": 443
              },
              {
                "cidr_blocks": [
                  "0.0.0.0/0"
                ],
                "description": "",
                "from_port": 80,
                "ipv6_cidr_blocks": [],
                "prefix_list_ids": [],
                "protocol": "tcp",
                "security_groups": [],
                "self": false,
                "to_port": 80
              }
            ],
            "name": "sas_server_security_group_20230312025806654500000002",
            "name_prefix": "sas_server_security_group_",
            "owner_id": "325544361878",
            "revoke_rules_on_delete": false,
            "tags": {},
            "tags_all": {},
            "timeouts": null,
            "vpc_id": "vpc-a215d5ca"
          },
          "sensitive_attributes": [],
          "private": "eyJlMmJmYjczMC1lY2FhLTExZTYtOGY4OC0zNDM2M2JjN2M0YzAiOnsiY3JlYXRlIjo2MDAwMDAwMDAwMDAsImRlbGV0ZSI6OTAwMDAwMDAwMDAwfSwic2NoZW1hX3ZlcnNpb24iOiIxIn0=",
          "dependencies": [
            "data.aws_vpc.default_vpc"
          ]
        }
      ]
    }
  ],
  "check_results": null
}
